// !$*UTF8*$!
{
	archiveVersion = 1;
	classes = {
	};
	objectVersion = 55;
	objects = {

/* Begin PBXBuildFile section */
		836793A12789621B002E6D65 /* LandMarksApp.swift in Sources */ = {isa = PBXBuildFile; fileRef = 836793A02789621B002E6D65 /* LandMarksApp.swift */; };
		836793A32789621B002E6D65 /* ContentView.swift in Sources */ = {isa = PBXBuildFile; fileRef = 836793A22789621B002E6D65 /* ContentView.swift */; };
		836793A52789621C002E6D65 /* Assets.xcassets in Resources */ = {isa = PBXBuildFile; fileRef = 836793A42789621C002E6D65 /* Assets.xcassets */; };
		836793A82789621C002E6D65 /* Preview Assets.xcassets in Resources */ = {isa = PBXBuildFile; fileRef = 836793A72789621C002E6D65 /* Preview Assets.xcassets */; };
		836793AF2789690E002E6D65 /* CircleImage.swift in Sources */ = {isa = PBXBuildFile; fileRef = 836793AE2789690E002E6D65 /* CircleImage.swift */; };
		836793B1278A2848002E6D65 /* MapKit.swift in Sources */ = {isa = PBXBuildFile; fileRef = 836793B0278A2848002E6D65 /* MapKit.swift */; };
		836793B3278A2D59002E6D65 /* landmarkData.json in Resources */ = {isa = PBXBuildFile; fileRef = 836793B2278A2D59002E6D65 /* landmarkData.json */; };
		836793B5278A2D85002E6D65 /* LandMark.swift in Sources */ = {isa = PBXBuildFile; fileRef = 836793B4278A2D85002E6D65 /* LandMark.swift */; };
		836793B7278A3BEE002E6D65 /* ModelData.swift in Sources */ = {isa = PBXBuildFile; fileRef = 836793B6278A3BEE002E6D65 /* ModelData.swift */; };
		836793BC278A3D1D002E6D65 /* LandMarkView.swift in Sources */ = {isa = PBXBuildFile; fileRef = 836793BB278A3D1D002E6D65 /* LandMarkView.swift */; };
		836793BE278A400E002E6D65 /* LandmarkList.swift in Sources */ = {isa = PBXBuildFile; fileRef = 836793BD278A400E002E6D65 /* LandmarkList.swift */; };
		836793C2278A420A002E6D65 /* LandmarkDetails.swift in Sources */ = {isa = PBXBuildFile; fileRef = 836793C1278A420A002E6D65 /* LandmarkDetails.swift */; };
/* End PBXBuildFile section */

/* Begin PBXFileReference section */
		8367939D2789621B002E6D65 /* LandMarks.app */ = {isa = PBXFileReference; explicitFileType = wrapper.application; includeInIndex = 0; path = LandMarks.app; sourceTree = BUILT_PRODUCTS_DIR; };
		836793A02789621B002E6D65 /* LandMarksApp.swift */ = {isa = PBXFileReference; lastKnownFileType = sourcecode.swift; path = LandMarksApp.swift; sourceTree = "<group>"; };
		836793A22789621B002E6D65 /* ContentView.swift */ = {isa = PBXFileReference; lastKnownFileType = sourcecode.swift; path = ContentView.swift; sourceTree = "<group>"; };
		836793A42789621C002E6D65 /* Assets.xcassets */ = {isa = PBXFileReference; lastKnownFileType = folder.assetcatalog; path = Assets.xcassets; sourceTree = "<group>"; };
		836793A72789621C002E6D65 /* Preview Assets.xcassets */ = {isa = PBXFileReference; lastKnownFileType = folder.assetcatalog; path = "Preview Assets.xcassets"; sourceTree = "<group>"; };
		836793AE2789690E002E6D65 /* CircleImage.swift */ = {isa = PBXFileReference; lastKnownFileType = sourcecode.swift; path = CircleImage.swift; sourceTree = "<group>"; };
		836793B0278A2848002E6D65 /* MapKit.swift */ = {isa = PBXFileReference; lastKnownFileType = sourcecode.swift; path = MapKit.swift; sourceTree = "<group>"; };
		836793B2278A2D59002E6D65 /* landmarkData.json */ = {isa = PBXFileReference; fileEncoding = 4; lastKnownFileType = text.json; path = landmarkData.json; sourceTree = "<group>"; };
		836793B4278A2D85002E6D65 /* LandMark.swift */ = {isa = PBXFileReference; lastKnownFileType = sourcecode.swift; path = LandMark.swift; sourceTree = "<group>"; };
		836793B6278A3BEE002E6D65 /* ModelData.swift */ = {isa = PBXFileReference; lastKnownFileType = sourcecode.swift; path = ModelData.swift; sourceTree = "<group>"; };
		836793BB278A3D1D002E6D65 /* LandMarkView.swift */ = {isa = PBXFileReference; lastKnownFileType = sourcecode.swift; path = LandMarkView.swift; sourceTree = "<group>"; };
		836793BD278A400E002E6D65 /* LandmarkList.swift */ = {isa = PBXFileReference; lastKnownFileType = sourcecode.swift; path = LandmarkList.swift; sourceTree = "<group>"; };
		836793C1278A420A002E6D65 /* LandmarkDetails.swift */ = {isa = PBXFileReference; lastKnownFileType = sourcecode.swift; path = LandmarkDetails.swift; sourceTree = "<group>"; };
/* End PBXFileReference section */

/* Begin PBXFrameworksBuildPhase section */
		8367939A2789621B002E6D65 /* Frameworks */ = {
			isa = PBXFrameworksBuildPhase;
			buildActionMask = 2147483647;
			files = (
			);
			runOnlyForDeploymentPostprocessing = 0;
		};
/* End PBXFrameworksBuildPhase section */

/* Begin PBXGroup section */
		836793942789621B002E6D65 = {
			isa = PBXGroup;
			children = (
				8367939F2789621B002E6D65 /* LandMarks */,
				8367939E2789621B002E6D65 /* Products */,
			);
			sourceTree = "<group>";
		};
		8367939E2789621B002E6D65 /* Products */ = {
			isa = PBXGroup;
			children = (
				8367939D2789621B002E6D65 /* LandMarks.app */,
			);
			name = Products;
			sourceTree = "<group>";
		};
		8367939F2789621B002E6D65 /* LandMarks */ = {
			isa = PBXGroup;
			children = (
				836793BA278A3CB9002E6D65 /* Views */,
				836793B9278A3CA7002E6D65 /* Model */,
				836793A42789621C002E6D65 /* Assets.xcassets */,
				836793B8278A3C89002E6D65 /* Resources */,
				836793A62789621C002E6D65 /* Preview Content */,
			);
			path = LandMarks;
			sourceTree = "<group>";
		};
		836793A62789621C002E6D65 /* Preview Content */ = {
			isa = PBXGroup;
			children = (
				836793A72789621C002E6D65 /* Preview Assets.xcassets */,
			);
			path = "Preview Content";
			sourceTree = "<group>";
		};
		836793B8278A3C89002E6D65 /* Resources */ = {
			isa = PBXGroup;
			children = (
				836793B2278A2D59002E6D65 /* landmarkData.json */,
			);
			path = Resources;
			sourceTree = "<group>";
		};
		836793B9278A3CA7002E6D65 /* Model */ = {
			isa = PBXGroup;
			children = (
				836793B4278A2D85002E6D65 /* LandMark.swift */,
				836793B6278A3BEE002E6D65 /* ModelData.swift */,
			);
			path = Model;
			sourceTree = "<group>";
		};
		836793BA278A3CB9002E6D65 /* Views */ = {
			isa = PBXGroup;
			children = (
				836793A02789621B002E6D65 /* LandMarksApp.swift */,
				836793AE2789690E002E6D65 /* CircleImage.swift */,
				836793A22789621B002E6D65 /* ContentView.swift */,
				836793B0278A2848002E6D65 /* MapKit.swift */,
				836793BB278A3D1D002E6D65 /* LandMarkView.swift */,
				836793BD278A400E002E6D65 /* LandmarkList.swift */,
				836793C1278A420A002E6D65 /* LandmarkDetails.swift */,
			);
			path = Views;
			sourceTree = "<group>";
		};
/* End PBXGroup section */

/* Begin PBXNativeTarget section */
		8367939C2789621B002E6D65 /* LandMarks */ = {
			isa = PBXNativeTarget;
			buildConfigurationList = 836793AB2789621C002E6D65 /* Build configuration list for PBXNativeTarget "LandMarks" */;
			buildPhases = (
				836793992789621B002E6D65 /* Sources */,
				8367939A2789621B002E6D65 /* Frameworks */,
				8367939B2789621B002E6D65 /* Resources */,
			);
			buildRules = (
			);
			dependencies = (
			);
			name = LandMarks;
			productName = LandMarks;
			productReference = 8367939D2789621B002E6D65 /* LandMarks.app */;
			productType = "com.apple.product-type.application";
		};
/* End PBXNativeTarget section */

/* Begin PBXProject section */
		836793952789621B002E6D65 /* Project object */ = {
			isa = PBXProject;
			attributes = {
				BuildIndependentTargetsInParallel = 1;
				LastSwiftUpdateCheck = 1320;
				LastUpgradeCheck = 1320;
				TargetAttributes = {
					8367939C2789621B002E6D65 = {
						CreatedOnToolsVersion = 13.2.1;
					};
				};
			};
			buildConfigurationList = 836793982789621B002E6D65 /* Build configuration list for PBXProject "LandMarks" */;
			compatibilityVersion = "Xcode 13.0";
			developmentRegion = en;
			hasScannedForEncodings = 0;
			knownRegions = (
				en,
				Base,
			);
			mainGroup = 836793942789621B002E6D65;
			productRefGroup = 8367939E2789621B002E6D65 /* Products */;
			projectDirPath = "";
			projectRoot = "";
			targets = (
				8367939C2789621B002E6D65 /* LandMarks */,
			);
		};
/* End PBXProject section */

/* Begin PBXResourcesBuildPhase section */
		8367939B2789621B002E6D65 /* Resources */ = {
			isa = PBXResourcesBuildPhase;
			buildActionMask = 2147483647;
			files = (
				836793A82789621C002E6D65 /* Preview Assets.xcassets in Resources */,
				836793A52789621C002E6D65 /* Assets.xcassets in Resources */,
				836793B3278A2D59002E6D65 /* landmarkData.json in Resources */,
			);
			runOnlyForDeploymentPostprocessing = 0;
		};
/* End PBXResourcesBuildPhase section */

/* Begin PBXSourcesBuildPhase section */
		836793992789621B002E6D65 /* Sources */ = {
			isa = PBXSourcesBuildPhase;
			buildActionMask = 2147483647;
			files = (
				836793A32789621B002E6D65 /* ContentView.swift in Sources */,
				836793B5278A2D85002E6D65 /* LandMark.swift in Sources */,
				836793B1278A2848002E6D65 /* MapKit.swift in Sources */,
				836793BE278A400E002E6D65 /* LandmarkList.swift in Sources */,
				836793BC278A3D1D002E6D65 /* LandMarkView.swift in Sources */,
				836793A12789621B002E6D65 /* LandMarksApp.swift in Sources */,
				836793AF2789690E002E6D65 /* CircleImage.swift in Sources */,
				836793B7278A3BEE002E6D65 /* ModelData.swift in Sources */,
				836793C2278A420A002E6D65 /* LandmarkDetails.swift in Sources */,
			);
			runOnlyForDeploymentPostprocessing = 0;
		};
/* End PBXSourcesBuildPhase section */

/* Begin XCBuildConfiguration section */
		836793A92789621C002E6D65 /* Debug */ = {
			isa = XCBuildConfiguration;
			buildSettings = {
				ALWAYS_SEARCH_USER_PATHS = NO;
				CLANG_ANALYZER_NONNULL = YES;
				CLANG_ANALYZER_NUMBER_OBJECT_CONVERSION = YES_AGGRESSIVE;
				CLANG_CXX_LANGUAGE_STANDARD = "gnu++17";
				CLANG_CXX_LIBRARY = "libc++";
				CLANG_ENABLE_MODULES = YES;
				CLANG_ENABLE_OBJC_ARC = YES;
				CLANG_ENABLE_OBJC_WEAK = YES;
				CLANG_WARN_BLOCK_CAPTURE_AUTORELEASING = YES;
				CLANG_WARN_BOOL_CONVERSION = YES;
				CLANG_WARN_COMMA = YES;
				CLANG_WARN_CONSTANT_CONVERSION = YES;
				CLANG_WARN_DEPRECATED_OBJC_IMPLEMENTATIONS = YES;
				CLANG_WARN_DIRECT_OBJC_ISA_USAGE = YES_ERROR;
				CLANG_WARN_DOCUMENTATION_COMMENTS = YES;
				CLANG_WARN_EMPTY_BODY = YES;
				CLANG_WARN_ENUM_CONVERSION = YES;
				CLANG_WARN_INFINITE_RECURSION = YES;
				CLANG_WARN_INT_CONVERSION = YES;
				CLANG_WARN_NON_LITERAL_NULL_CONVERSION = YES;
				CLANG_WARN_OBJC_IMPLICIT_RETAIN_SELF = YES;
				CLANG_WARN_OBJC_LITERAL_CONVERSION = YES;
				CLANG_WARN_OBJC_ROOT_CLASS = YES_ERROR;
				CLANG_WARN_QUOTED_INCLUDE_IN_FRAMEWORK_HEADER = YES;
				CLANG_WARN_RANGE_LOOP_ANALYSIS = YES;
				CLANG_WARN_STRICT_PROTOTYPES = YES;
				CLANG_WARN_SUSPICIOUS_MOVE = YES;
				CLANG_WARN_UNGUARDED_AVAILABILITY = YES_AGGRESSIVE;
				CLANG_WARN_UNREACHABLE_CODE = YES;
				CLANG_WARN__DUPLICATE_METHOD_MATCH = YES;
				COPY_PHASE_STRIP = NO;
				DEBUG_INFORMATION_FORMAT = dwarf;
				ENABLE_STRICT_OBJC_MSGSEND = YES;
				ENABLE_TESTABILITY = YES;
				GCC_C_LANGUAGE_STANDARD = gnu11;
				GCC_DYNAMIC_NO_PIC = NO;
				GCC_NO_COMMON_BLOCKS = YES;
				GCC_OPTIMIZATION_LEVEL = 0;
				GCC_PREPROCESSOR_DEFINITIONS = (
					"DEBUG=1",
					"$(inherited)",
				);
				GCC_WARN_64_TO_32_BIT_CONVERSION = YES;
				GCC_WARN_ABOUT_RETURN_TYPE = YES_ERROR;
				GCC_WARN_UNDECLARED_SELECTOR = YES;
				GCC_WARN_UNINITIALIZED_AUTOS = YES_AGGRESSIVE;
				GCC_WARN_UNUSED_FUNCTION = YES;
				GCC_WARN_UNUSED_VARIABLE = YES;
				IPHONEOS_DEPLOYMENT_TARGET = 15.2;
				MTL_ENABLE_DEBUG_INFO = INCLUDE_SOURCE;
				MTL_FAST_MATH = YES;
				ONLY_ACTIVE_ARCH = YES;
				SDKROOT = iphoneos;
				SWIFT_ACTIVE_COMPILATION_CONDITIONS = DEBUG;
				SWIFT_OPTIMIZATION_LEVEL = "-Onone";
			};
			name = Debug;
		};
		836793AA2789621C002E6D65 /* Release */ = {
			isa = XCBuildConfiguration;
			buildSettings = {
				ALWAYS_SEARCH_USER_PATHS = NO;
				CLANG_ANALYZER_NONNULL = YES;
				CLANG_ANALYZER_NUMBER_OBJECT_CONVERSION = YES_AGGRESSIVE;
				CLANG_CXX_LANGUAGE_STANDARD = "gnu++17";
				CLANG_CXX_LIBRARY = "libc++";
				CLANG_ENABLE_MODULES = YES;
				CLANG_ENABLE_OBJC_ARC = YES;
				CLANG_ENABLE_OBJC_WEAK = YES;
				CLANG_WARN_BLOCK_CAPTURE_AUTORELEASING = YES;
				CLANG_WARN_BOOL_CONVERSION = YES;
				CLANG_WARN_COMMA = YES;
				CLANG_WARN_CONSTANT_CONVERSION = YES;
				CLANG_WARN_DEPRECATED_OBJC_IMPLEMENTATIONS = YES;
				CLANG_WARN_DIRECT_OBJC_ISA_USAGE = YES_ERROR;
				CLANG_WARN_DOCUMENTATION_COMMENTS = YES;
				CLANG_WARN_EMPTY_BODY = YES;
				CLANG_WARN_ENUM_CONVERSION = YES;
				CLANG_WARN_INFINITE_RECURSION = YES;
				CLANG_WARN_INT_CONVERSION = YES;
				CLANG_WARN_NON_LITERAL_NULL_CONVERSION = YES;
				CLANG_WARN_OBJC_IMPLICIT_RETAIN_SELF = YES;
				CLANG_WARN_OBJC_LITERAL_CONVERSION = YES;
				CLANG_WARN_OBJC_ROOT_CLASS = YES_ERROR;
				CLANG_WARN_QUOTED_INCLUDE_IN_FRAMEWORK_HEADER = YES;
				CLANG_WARN_RANGE_LOOP_ANALYSIS = YES;
				CLANG_WARN_STRICT_PROTOTYPES = YES;
				CLANG_WARN_SUSPICIOUS_MOVE = YES;
				CLANG_WARN_UNGUARDED_AVAILABILITY = YES_AGGRESSIVE;
				CLANG_WARN_UNREACHABLE_CODE = YES;
				CLANG_WARN__DUPLICATE_METHOD_MATCH = YES;
				COPY_PHASE_STRIP = NO;
				DEBUG_INFORMATION_FORMAT = "dwarf-with-dsym";
				ENABLE_NS_ASSERTIONS = NO;
				ENABLE_STRICT_OBJC_MSGSEND = YES;
				GCC_C_LANGUAGE_STANDARD = gnu11;
				GCC_NO_COMMON_BLOCKS = YES;
				GCC_WARN_64_TO_32_BIT_CONVERSION = YES;
				GCC_WARN_ABOUT_RETURN_TYPE = YES_ERROR;
				GCC_WARN_UNDECLARED_SELECTOR = YES;
				GCC_WARN_UNINITIALIZED_AUTOS = YES_AGGRESSIVE;
				GCC_WARN_UNUSED_FUNCTION = YES;
				GCC_WARN_UNUSED_VARIABLE = YES;
				IPHONEOS_DEPLOYMENT_TARGET = 15.2;
				MTL_ENABLE_DEBUG_INFO = NO;
				MTL_FAST_MATH = YES;
				SDKROOT = iphoneos;
				SWIFT_COMPILATION_MODE = wholemodule;
				SWIFT_OPTIMIZATION_LEVEL = "-O";
				VALIDATE_PRODUCT = YES;
			};
			name = Release;
		};
		836793AC2789621C002E6D65 /* Debug */ = {
			isa = XCBuildConfiguration;
			buildSettings = {
				ASSETCATALOG_COMPILER_APPICON_NAME = AppIcon;
				ASSETCATALOG_COMPILER_GLOBAL_ACCENT_COLOR_NAME = AccentColor;
				CODE_SIGN_STYLE = Automatic;
				CURRENT_PROJECT_VERSION = 1;
				DEVELOPMENT_ASSET_PATHS = "\"LandMarks/Preview Content\"";
				DEVELOPMENT_TEAM = VF9Z9M3349;
				ENABLE_PREVIEWS = YES;
				GENERATE_INFOPLIST_FILE = YES;
				INFOPLIST_KEY_UIApplicationSceneManifest_Generation = YES;
				INFOPLIST_KEY_UIApplicationSupportsIndirectInputEvents = YES;
				INFOPLIST_KEY_UILaunchScreen_Generation = YES;
				INFOPLIST_KEY_UISupportedInterfaceOrientations_iPad = "UIInterfaceOrientationPortrait UIInterfaceOrientationPortraitUpsideDown UIInterfaceOrientationLandscapeLeft UIInterfaceOrientationLandscapeRight";
				INFOPLIST_KEY_UISupportedInterfaceOrientations_iPhone = "UIInterfaceOrientationPortrait UIInterfaceOrientationLandscapeLeft UIInterfaceOrientationLandscapeRight";
				LD_RUNPATH_SEARCH_PATHS = (
					"$(inherited)",
					"@executable_path/Frameworks",
				);
				MARKETING_VERSION = 1.0;
				PRODUCT_BUNDLE_IDENTIFIER = com.modamoriyomi.LandMarks;
				PRODUCT_NAME = "$(TARGET_NAME)";
				SWIFT_EMIT_LOC_STRINGS = YES;
				SWIFT_VERSION = 5.0;
				TARGETED_DEVICE_FAMILY = "1,2";
			};
			name = Debug;
		};
		836793AD2789621C002E6D65 /* Release */ = {
			isa = XCBuildConfiguration;
			buildSettings = {
				ASSETCATALOG_COMPILER_APPICON_NAME = AppIcon;
				ASSETCATALOG_COMPILER_GLOBAL_ACCENT_COLOR_NAME = AccentColor;
				CODE_SIGN_STYLE = Automatic;
				CURRENT_PROJECT_VERSION = 1;
				DEVELOPMENT_ASSET_PATHS = "\"LandMarks/Preview Content\"";
				DEVELOPMENT_TEAM = VF9Z9M3349;
				ENABLE_PREVIEWS = YES;
				GENERATE_INFOPLIST_FILE = YES;
				INFOPLIST_KEY_UIApplicationSceneManifest_Generation = YES;
				INFOPLIST_KEY_UIApplicationSupportsIndirectInputEvents = YES;
				INFOPLIST_KEY_UILaunchScreen_Generation = YES;
				INFOPLIST_KEY_UISupportedInterfaceOrientations_iPad = "UIInterfaceOrientationPortrait UIInterfaceOrientationPortraitUpsideDown UIInterfaceOrientationLandscapeLeft UIInterfaceOrientationLandscapeRight";
				INFOPLIST_KEY_UISupportedInterfaceOrientations_iPhone = "UIInterfaceOrientationPortrait UIInterfaceOrientationLandscapeLeft UIInterfaceOrientationLandscapeRight";
				LD_RUNPATH_SEARCH_PATHS = (
					"$(inherited)",
					"@executable_path/Frameworks",
				);
				MARKETING_VERSION = 1.0;
				PRODUCT_BUNDLE_IDENTIFIER = com.modamoriyomi.LandMarks;
				PRODUCT_NAME = "$(TARGET_NAME)";
				SWIFT_EMIT_LOC_STRINGS = YES;
				SWIFT_VERSION = 5.0;
				TARGETED_DEVICE_FAMILY = "1,2";
			};
			name = Release;
		};
/* End XCBuildConfiguration section */

/* Begin XCConfigurationList section */
		836793982789621B002E6D65 /* Build configuration list for PBXProject "LandMarks" */ = {
			isa = XCConfigurationList;
			buildConfigurations = (
				836793A92789621C002E6D65 /* Debug */,
				836793AA2789621C002E6D65 /* Release */,
			);
			defaultConfigurationIsVisible = 0;
			defaultConfigurationName = Release;
		};
		836793AB2789621C002E6D65 /* Build configuration list for PBXNativeTarget "LandMarks" */ = {
			isa = XCConfigurationList;
			buildConfigurations = (
				836793AC2789621C002E6D65 /* Debug */,
				836793AD2789621C002E6D65 /* Release */,
			);
			defaultConfigurationIsVisible = 0;
			defaultConfigurationName = Release;
		};
/* End XCConfigurationList section */
	};
	rootObject = 836793952789621B002E6D65 /* Project object */;
}
